
Microsoft Visual Studio Solution File, Format Version 12.00
# Visual Studio Version 17
VisualStudioVersion = 17.5.002.0
MinimumVisualStudioVersion = 10.0.40219.1
Project("{9A19103F-16F7-4668-BE54-9A1E7A4F7556}") = "LinqExercicio2", "LinqExercicio2.csproj", "{0C214F2D-5814-45C3-B13F-E4C48648E666}"
EndProject
Global
	GlobalSection(SolutionConfigurationPlatforms) = preSolution
		Debug|Any CPU = Debug|Any CPU
		Release|Any CPU = Release|Any CPU
	EndGlobalSection
	GlobalSection(ProjectConfigurationPlatforms) = postSolution
		{0C214F2D-5814-45C3-B13F-E4C48648E666}.Debug|Any CPU.ActiveCfg = Debug|Any CPU
		{0C214F2D-5814-45C3-B13F-E4C48648E666}.Debug|Any CPU.Build.0 = Debug|Any CPU
		{0C214F2D-5814-45C3-B13F-E4C48648E666}.Release|Any CPU.ActiveCfg = Release|Any CPU
		{0C214F2D-5814-45C3-B13F-E4C48648E666}.Release|Any CPU.Build.0 = Release|Any CPU
	EndGlobalSection
	GlobalSection(SolutionProperties) = preSolution
		HideSolutionNode = FALSE
	EndGlobalSection
	GlobalSection(ExtensibilityGlobals) = postSolution
		SolutionGuid = {10E0B416-3AE9-49CF-AA36-CD8B2FEA8E62}
	EndGlobalSection
EndGlobal
